
Microsoft Visual Studio Solution File, Format Version 12.00
# Visual Studio Version 17
VisualStudioVersion = 17.4.33122.133
MinimumVisualStudioVersion = 10.0.40219.1
Project("{FAE04EC0-301F-11D3-BF4B-00C04F79EFBC}") = "Nagaira.Template.Api", "Nagaira.Template.Api\Nagaira.Template.Api.csproj", "{841B25A8-3EF9-460F-A83C-B176A1735D00}"
EndProject
Global
	GlobalSection(SolutionConfigurationPlatforms) = preSolution
		Debug|Any CPU = Debug|Any CPU
		Release|Any CPU = Release|Any CPU
	EndGlobalSection
	GlobalSection(ProjectConfigurationPlatforms) = postSolution
		{841B25A8-3EF9-460F-A83C-B176A1735D00}.Debug|Any CPU.ActiveCfg = Debug|Any CPU
		{841B25A8-3EF9-460F-A83C-B176A1735D00}.Debug|Any CPU.Build.0 = Debug|Any CPU
		{841B25A8-3EF9-460F-A83C-B176A1735D00}.Release|Any CPU.ActiveCfg = Release|Any CPU
		{841B25A8-3EF9-460F-A83C-B176A1735D00}.Release|Any CPU.Build.0 = Release|Any CPU
	EndGlobalSection
	GlobalSection(SolutionProperties) = preSolution
		HideSolutionNode = FALSE
	EndGlobalSection
	GlobalSection(ExtensibilityGlobals) = postSolution
		SolutionGuid = {107BECC9-EE17-4201-BBD2-5BAEA29E6D06}
	EndGlobalSection
EndGlobal
